
Microsoft Visual Studio Solution File, Format Version 12.00
# Visual Studio 15
VisualStudioVersion = 15.0.27004.2006
MinimumVisualStudioVersion = 10.0.40219.1
Project("{FAE04EC0-301F-11D3-BF4B-00C04F79EFBC}") = "UiTest", "UiTest\UiTest.csproj", "{305B5124-E39D-4D3D-BE41-3910A99333A2}"
EndProject
Global
	GlobalSection(SolutionConfigurationPlatforms) = preSolution
		Debug|Any CPU = Debug|Any CPU
		Release|Any CPU = Release|Any CPU
	EndGlobalSection
	GlobalSection(ProjectConfigurationPlatforms) = postSolution
		{305B5124-E39D-4D3D-BE41-3910A99333A2}.Debug|Any CPU.ActiveCfg = Debug|Any CPU
		{305B5124-E39D-4D3D-BE41-3910A99333A2}.Debug|Any CPU.Build.0 = Debug|Any CPU
		{305B5124-E39D-4D3D-BE41-3910A99333A2}.Release|Any CPU.ActiveCfg = Release|Any CPU
		{305B5124-E39D-4D3D-BE41-3910A99333A2}.Release|Any CPU.Build.0 = Release|Any CPU
	EndGlobalSection
	GlobalSection(SolutionProperties) = preSolution
		HideSolutionNode = FALSE
	EndGlobalSection
	GlobalSection(ExtensibilityGlobals) = postSolution
		SolutionGuid = {E77E3C7A-B1ED-48DA-83A1-3F1F0DA28AA0}
	EndGlobalSection
EndGlobal
